PODS:
  - AFNetworking (2.0.0):
    - AFNetworking/NSURLConnection
    - AFNetworking/NSURLSession
    - AFNetworking/Reachability
    - AFNetworking/Security
    - AFNetworking/Serialization
    - AFNetworking/UIKit
  - AFNetworking/NSURLConnection (2.0.0):
    - AFNetworking/Reachability
    - AFNetworking/Security
    - AFNetworking/Serialization
  - AFNetworking/Reachability (2.0.0)
  - AFNetworking/Security (2.0.0)
  - AFNetworking/Serialization (2.0.0)
  - AFNetworking/UIKit (2.0.0):
    - AFNetworking/NSURLConnection
  - CocoaLumberjack (1.6.2)
  - NSLogger (1.1)

DEPENDENCIES:
  - AFNetworking
  - CocoaLumberjack
  - NSLogger

SPEC CHECKSUMS:
  AFNetworking: 3fa983b1beaba69566a3374612511e2a6e3fe845
  CocoaLumberjack: d73e1e317ced14ab930797dda6c17156ff17aaa1
  NSLogger: 4567fef08d0db18a89cce91b2053823fc0950738

COCOAPODS: 0.26.2
