// !$*UTF8*$!
{
	archiveVersion = 1;
	classes = {
	};
	objectVersion = 46;
	objects = {

/* Begin PBXBuildFile section */
		5611F673178C17AF00A631A4 /* KMRMHomeCell.m in Sources */ = {isa = PBXBuildFile; fileRef = 5611F672178C17AF00A631A4 /* KMRMHomeCell.m */; };
		5611F674178C17AF00A631A4 /* KMRMHomeCell.m in Sources */ = {isa = PBXBuildFile; fileRef = 5611F672178C17AF00A631A4 /* KMRMHomeCell.m */; };
		5611F679178C17F300A631A4 /* KMRMInterface.m in Sources */ = {isa = PBXBuildFile; fileRef = 5611F678178C17F300A631A4 /* KMRMInterface.m */; };
		5611F67A178C17F300A631A4 /* KMRMInterface.m in Sources */ = {isa = PBXBuildFile; fileRef = 5611F678178C17F300A631A4 /* KMRMInterface.m */; };
		5611F687178C187200A631A4 /* KMRMDefaultTheme.m in Sources */ = {isa = PBXBuildFile; fileRef = 5611F684178C187200A631A4 /* KMRMDefaultTheme.m */; };
		5611F688178C187200A631A4 /* KMRMDefaultTheme.m in Sources */ = {isa = PBXBuildFile; fileRef = 5611F684178C187200A631A4 /* KMRMDefaultTheme.m */; };
		5611F68B178C188000A631A4 /* KMRMGreenTheme.m in Sources */ = {isa = PBXBuildFile; fileRef = 5611F68A178C188000A631A4 /* KMRMGreenTheme.m */; };
		5611F68C178C188000A631A4 /* KMRMGreenTheme.m in Sources */ = {isa = PBXBuildFile; fileRef = 5611F68A178C188000A631A4 /* KMRMGreenTheme.m */; };
		5611F68E178C18A300A631A4 /* KMRMHomeCell~ipad.xib in Resources */ = {isa = PBXBuildFile; fileRef = 5611F68D178C18A300A631A4 /* KMRMHomeCell~ipad.xib */; };
		5611F68F178C18A300A631A4 /* KMRMHomeCell~ipad.xib in Resources */ = {isa = PBXBuildFile; fileRef = 5611F68D178C18A300A631A4 /* KMRMHomeCell~ipad.xib */; };
		5611F691178C18B200A631A4 /* KMRMHomeCell~iphone.xib in Resources */ = {isa = PBXBuildFile; fileRef = 5611F690178C18B200A631A4 /* KMRMHomeCell~iphone.xib */; };
		5611F692178C18B200A631A4 /* KMRMHomeCell~iphone.xib in Resources */ = {isa = PBXBuildFile; fileRef = 5611F690178C18B200A631A4 /* KMRMHomeCell~iphone.xib */; };
		5611F696178C1A6B00A631A4 /* KMRMBaseCell.m in Sources */ = {isa = PBXBuildFile; fileRef = 5611F695178C1A6B00A631A4 /* KMRMBaseCell.m */; };
		5611F697178C1A6B00A631A4 /* KMRMBaseCell.m in Sources */ = {isa = PBXBuildFile; fileRef = 5611F695178C1A6B00A631A4 /* KMRMBaseCell.m */; };
		5611F69B178C1B0100A631A4 /* UIResponder+Kimera.m in Sources */ = {isa = PBXBuildFile; fileRef = 5611F69A178C1B0100A631A4 /* UIResponder+Kimera.m */; };
		5611F69C178C1B0100A631A4 /* UIResponder+Kimera.m in Sources */ = {isa = PBXBuildFile; fileRef = 5611F69A178C1B0100A631A4 /* UIResponder+Kimera.m */; };
		5611F6A0178C224F00A631A4 /* KMRMService.m in Sources */ = {isa = PBXBuildFile; fileRef = 5611F69F178C224F00A631A4 /* KMRMService.m */; };
		5611F6A1178C224F00A631A4 /* KMRMService.m in Sources */ = {isa = PBXBuildFile; fileRef = 5611F69F178C224F00A631A4 /* KMRMService.m */; };
		5611F6A3178C30A600A631A4 /* libTestFlight.a in Frameworks */ = {isa = PBXBuildFile; fileRef = 562FE965175407AD004DC70D /* libTestFlight.a */; };
		56162B311753F52A00C7705E /* UIKit.framework in Frameworks */ = {isa = PBXBuildFile; fileRef = 56162B301753F52A00C7705E /* UIKit.framework */; };
		56162B331753F52A00C7705E /* Foundation.framework in Frameworks */ = {isa = PBXBuildFile; fileRef = 56162B321753F52A00C7705E /* Foundation.framework */; };
		56162B351753F52A00C7705E /* CoreGraphics.framework in Frameworks */ = {isa = PBXBuildFile; fileRef = 56162B341753F52A00C7705E /* CoreGraphics.framework */; };
		56162B4F1753F52B00C7705E /* SenTestingKit.framework in Frameworks */ = {isa = PBXBuildFile; fileRef = 56162B4E1753F52B00C7705E /* SenTestingKit.framework */; };
		56162B501753F52B00C7705E /* UIKit.framework in Frameworks */ = {isa = PBXBuildFile; fileRef = 56162B301753F52A00C7705E /* UIKit.framework */; };
		56162B511753F52B00C7705E /* Foundation.framework in Frameworks */ = {isa = PBXBuildFile; fileRef = 56162B321753F52A00C7705E /* Foundation.framework */; };
		56162B591753F52B00C7705E /* InfoPlist.strings in Resources */ = {isa = PBXBuildFile; fileRef = 56162B571753F52B00C7705E /* InfoPlist.strings */; };
		56162B5C1753F52B00C7705E /* KimeraMobileTests.m in Sources */ = {isa = PBXBuildFile; fileRef = 56162B5B1753F52B00C7705E /* KimeraMobileTests.m */; };
		56162B6C1753F62200C7705E /* KMRMAppDelegate.m in Sources */ = {isa = PBXBuildFile; fileRef = 56162B691753F62200C7705E /* KMRMAppDelegate.m */; };
		56162B6D1753F62200C7705E /* main.m in Sources */ = {isa = PBXBuildFile; fileRef = 56162B6A1753F62200C7705E /* main.m */; };
		56162B721753F80900C7705E /* InfoPlist.strings in Resources */ = {isa = PBXBuildFile; fileRef = 56162B701753F80900C7705E /* InfoPlist.strings */; };
		56162B771753F84C00C7705E /* Localizable.strings in Resources */ = {isa = PBXBuildFile; fileRef = 56162B751753F84C00C7705E /* Localizable.strings */; };
		56162B8A1753FCD000C7705E /* Default-568h@2x.png in Resources */ = {isa = PBXBuildFile; fileRef = 56162B871753FCD000C7705E /* Default-568h@2x.png */; };
		56162B8B1753FCD000C7705E /* Default.png in Resources */ = {isa = PBXBuildFile; fileRef = 56162B881753FCD000C7705E /* Default.png */; };
		56162B8C1753FCD000C7705E /* Default@2x.png in Resources */ = {isa = PBXBuildFile; fileRef = 56162B891753FCD000C7705E /* Default@2x.png */; };
		5619F184175934950072C7AB /* MobileCoreServices.framework in Frameworks */ = {isa = PBXBuildFile; fileRef = 5619F183175934950072C7AB /* MobileCoreServices.framework */; };
		562FE97117540A37004DC70D /* KMRMHomeViewController.m in Sources */ = {isa = PBXBuildFile; fileRef = 562FE96F17540A37004DC70D /* KMRMHomeViewController.m */; };
		562FE97217540A37004DC70D /* KMRMHomeViewController.m in Sources */ = {isa = PBXBuildFile; fileRef = 562FE96F17540A37004DC70D /* KMRMHomeViewController.m */; };
		562FE97317540A37004DC70D /* KMRMHomeViewController~iphone.xib in Resources */ = {isa = PBXBuildFile; fileRef = 562FE97017540A37004DC70D /* KMRMHomeViewController~iphone.xib */; };
		562FE97417540A37004DC70D /* KMRMHomeViewController~iphone.xib in Resources */ = {isa = PBXBuildFile; fileRef = 562FE97017540A37004DC70D /* KMRMHomeViewController~iphone.xib */; };
		562FE97617540A5D004DC70D /* KMRMHomeViewController~ipad.xib in Resources */ = {isa = PBXBuildFile; fileRef = 562FE97517540A5C004DC70D /* KMRMHomeViewController~ipad.xib */; };
		562FE97717540A5D004DC70D /* KMRMHomeViewController~ipad.xib in Resources */ = {isa = PBXBuildFile; fileRef = 562FE97517540A5C004DC70D /* KMRMHomeViewController~ipad.xib */; };
		562FE97B17540B43004DC70D /* libz.dylib in Frameworks */ = {isa = PBXBuildFile; fileRef = 562FE97A17540B43004DC70D /* libz.dylib */; settings = {ATTRIBUTES = (Weak, ); }; };
		562FE98217540D8A004DC70D /* KMRMMrcIssueViewController.m in Sources */ = {isa = PBXBuildFile; fileRef = 562FE98017540D8A004DC70D /* KMRMMrcIssueViewController.m */; settings = {COMPILER_FLAGS = "-fno-objc-arc"; }; };
		562FE98317540D8A004DC70D /* KMRMMrcIssueViewController.m in Sources */ = {isa = PBXBuildFile; fileRef = 562FE98017540D8A004DC70D /* KMRMMrcIssueViewController.m */; };
		562FE98417540D8A004DC70D /* KMRMMrcIssueViewController~iphone.xib in Resources */ = {isa = PBXBuildFile; fileRef = 562FE98117540D8A004DC70D /* KMRMMrcIssueViewController~iphone.xib */; };
		562FE98517540D8A004DC70D /* KMRMMrcIssueViewController~iphone.xib in Resources */ = {isa = PBXBuildFile; fileRef = 562FE98117540D8A004DC70D /* KMRMMrcIssueViewController~iphone.xib */; };
		562FE98717540DD7004DC70D /* KMRMMrcIssueViewController~ipad.xib in Resources */ = {isa = PBXBuildFile; fileRef = 562FE98617540DD7004DC70D /* KMRMMrcIssueViewController~ipad.xib */; };
		562FE98817540DD7004DC70D /* KMRMMrcIssueViewController~ipad.xib in Resources */ = {isa = PBXBuildFile; fileRef = 562FE98617540DD7004DC70D /* KMRMMrcIssueViewController~ipad.xib */; };
		5635974C17588D0F0009E155 /* KMRMArgument_summary.py in Resources */ = {isa = PBXBuildFile; fileRef = 5635974B17588D0F0009E155 /* KMRMArgument_summary.py */; };
		5642B72D1759EBD900BE5731 /* DMLogger.m in Sources */ = {isa = PBXBuildFile; fileRef = 5642B72A1759EBD900BE5731 /* DMLogger.m */; };
		5648D5651754D83A00EE9C0E /* KMRMBreakpointsViewController.m in Sources */ = {isa = PBXBuildFile; fileRef = 5648D5631754D83A00EE9C0E /* KMRMBreakpointsViewController.m */; };
		5648D5661754D83A00EE9C0E /* KMRMBreakpointsViewController.m in Sources */ = {isa = PBXBuildFile; fileRef = 5648D5631754D83A00EE9C0E /* KMRMBreakpointsViewController.m */; };
		5648D56A1754D84E00EE9C0E /* KMRMBreakpointsViewController~ipad.xib in Resources */ = {isa = PBXBuildFile; fileRef = 5648D5691754D84E00EE9C0E /* KMRMBreakpointsViewController~ipad.xib */; };
		5648D56B1754D84E00EE9C0E /* KMRMBreakpointsViewController~ipad.xib in Resources */ = {isa = PBXBuildFile; fileRef = 5648D5691754D84E00EE9C0E /* KMRMBreakpointsViewController~ipad.xib */; };
		5648D56F1754D88000EE9C0E /* KMRMArcIssuesViewController.m in Sources */ = {isa = PBXBuildFile; fileRef = 5648D56D1754D88000EE9C0E /* KMRMArcIssuesViewController.m */; };
		5648D5701754D88000EE9C0E /* KMRMArcIssuesViewController.m in Sources */ = {isa = PBXBuildFile; fileRef = 5648D56D1754D88000EE9C0E /* KMRMArcIssuesViewController.m */; };
		5648D5711754D88000EE9C0E /* KMRMArcIssuesViewController~iphone.xib in Resources */ = {isa = PBXBuildFile; fileRef = 5648D56E1754D88000EE9C0E /* KMRMArcIssuesViewController~iphone.xib */; };
		5648D5721754D88000EE9C0E /* KMRMArcIssuesViewController~iphone.xib in Resources */ = {isa = PBXBuildFile; fileRef = 5648D56E1754D88000EE9C0E /* KMRMArcIssuesViewController~iphone.xib */; };
		5648D5741754D89A00EE9C0E /* KMRMArcIssuesViewController~ipad.xib in Resources */ = {isa = PBXBuildFile; fileRef = 5648D5731754D89A00EE9C0E /* KMRMArcIssuesViewController~ipad.xib */; };
		5648D5751754D89A00EE9C0E /* KMRMArcIssuesViewController~ipad.xib in Resources */ = {isa = PBXBuildFile; fileRef = 5648D5731754D89A00EE9C0E /* KMRMArcIssuesViewController~ipad.xib */; };
		5648D57A1754D92B00EE9C0E /* KMRMTableViewController.m in Sources */ = {isa = PBXBuildFile; fileRef = 5648D5791754D92B00EE9C0E /* KMRMTableViewController.m */; };
		5648D57B1754D92B00EE9C0E /* KMRMTableViewController.m in Sources */ = {isa = PBXBuildFile; fileRef = 5648D5791754D92B00EE9C0E /* KMRMTableViewController.m */; };
		5648D5D217553B2D00EE9C0E /* KMRMTopic.m in Sources */ = {isa = PBXBuildFile; fileRef = 5648D5D117553B2D00EE9C0E /* KMRMTopic.m */; };
		5648D5D317553B2D00EE9C0E /* KMRMTopic.m in Sources */ = {isa = PBXBuildFile; fileRef = 5648D5D117553B2D00EE9C0E /* KMRMTopic.m */; };
		5648D5D617553CEA00EE9C0E /* Kimera_Topics.plist in Resources */ = {isa = PBXBuildFile; fileRef = 5648D5D517553CEA00EE9C0E /* Kimera_Topics.plist */; };
		5648D5D717553CEA00EE9C0E /* Kimera_Topics.plist in Resources */ = {isa = PBXBuildFile; fileRef = 5648D5D517553CEA00EE9C0E /* Kimera_Topics.plist */; };
		5648D5DA17553EC500EE9C0E /* KMRMArgument.m in Sources */ = {isa = PBXBuildFile; fileRef = 5648D5D917553EC500EE9C0E /* KMRMArgument.m */; };
		5648D5DB17553EC500EE9C0E /* KMRMArgument.m in Sources */ = {isa = PBXBuildFile; fileRef = 5648D5D917553EC500EE9C0E /* KMRMArgument.m */; };
		5648D5DE175542A900EE9C0E /* KMRMDataModel.m in Sources */ = {isa = PBXBuildFile; fileRef = 5648D5DD175542A900EE9C0E /* KMRMDataModel.m */; };
		5648D5DF175542A900EE9C0E /* KMRMDataModel.m in Sources */ = {isa = PBXBuildFile; fileRef = 5648D5DD175542A900EE9C0E /* KMRMDataModel.m */; };
		5648D5E2175543C400EE9C0E /* KMRMBaseViewController.m in Sources */ = {isa = PBXBuildFile; fileRef = 5648D5E1175543C400EE9C0E /* KMRMBaseViewController.m */; };
		5648D5E3175543C400EE9C0E /* KMRMBaseViewController.m in Sources */ = {isa = PBXBuildFile; fileRef = 5648D5E1175543C400EE9C0E /* KMRMBaseViewController.m */; };
		5648D5E917554CDB00EE9C0E /* KMRMLoggingViewController.m in Sources */ = {isa = PBXBuildFile; fileRef = 5648D5E717554CDB00EE9C0E /* KMRMLoggingViewController.m */; };
		5648D5EA17554CDB00EE9C0E /* KMRMLoggingViewController.m in Sources */ = {isa = PBXBuildFile; fileRef = 5648D5E717554CDB00EE9C0E /* KMRMLoggingViewController.m */; };
		5648D5EB17554CDB00EE9C0E /* KMRMLoggingViewController~iphone.xib in Resources */ = {isa = PBXBuildFile; fileRef = 5648D5E817554CDB00EE9C0E /* KMRMLoggingViewController~iphone.xib */; };
		5648D5EC17554CDB00EE9C0E /* KMRMLoggingViewController~iphone.xib in Resources */ = {isa = PBXBuildFile; fileRef = 5648D5E817554CDB00EE9C0E /* KMRMLoggingViewController~iphone.xib */; };
		5648D5EE17554CF500EE9C0E /* KMRMLoggingViewController~ipad.xib in Resources */ = {isa = PBXBuildFile; fileRef = 5648D5ED17554CF500EE9C0E /* KMRMLoggingViewController~ipad.xib */; };
		5648D5EF17554CF500EE9C0E /* KMRMLoggingViewController~ipad.xib in Resources */ = {isa = PBXBuildFile; fileRef = 5648D5ED17554CF500EE9C0E /* KMRMLoggingViewController~ipad.xib */; };
		564FDC1417568D2C00B637BC /* CFNetwork.framework in Frameworks */ = {isa = PBXBuildFile; fileRef = 564FDC1317568D2C00B637BC /* CFNetwork.framework */; };
		564FDC1617568D4600B637BC /* SystemConfiguration.framework in Frameworks */ = {isa = PBXBuildFile; fileRef = 564FDC1517568D4600B637BC /* SystemConfiguration.framework */; };
		564FDC1B1756925B00B637BC /* meme_jackie_chan.jpg in Resources */ = {isa = PBXBuildFile; fileRef = 564FDC1A1756925B00B637BC /* meme_jackie_chan.jpg */; };
		564FDF411756A89D00B637BC /* KMRMBreakpointsViewController~iphone.xib in Resources */ = {isa = PBXBuildFile; fileRef = 564FDF401756A89D00B637BC /* KMRMBreakpointsViewController~iphone.xib */; };
		56DE03321758ADCC00358046 /* KMRMLLDBViewController.m in Sources */ = {isa = PBXBuildFile; fileRef = 56DE03301758ADCC00358046 /* KMRMLLDBViewController.m */; };
		56DE03331758ADCC00358046 /* KMRMLLDBViewController.m in Sources */ = {isa = PBXBuildFile; fileRef = 56DE03301758ADCC00358046 /* KMRMLLDBViewController.m */; };
		56DE03341758ADCC00358046 /* KMRMLLDBViewController~iphone.xib in Resources */ = {isa = PBXBuildFile; fileRef = 56DE03311758ADCC00358046 /* KMRMLLDBViewController~iphone.xib */; };
		56DE03351758ADCC00358046 /* KMRMLLDBViewController~iphone.xib in Resources */ = {isa = PBXBuildFile; fileRef = 56DE03311758ADCC00358046 /* KMRMLLDBViewController~iphone.xib */; };
		56DE03371758ADEF00358046 /* KMRMLLDBViewController~ipad.xib in Resources */ = {isa = PBXBuildFile; fileRef = 56DE03361758ADEF00358046 /* KMRMLLDBViewController~ipad.xib */; };
		56DE03381758ADEF00358046 /* KMRMLLDBViewController~ipad.xib in Resources */ = {isa = PBXBuildFile; fileRef = 56DE03361758ADEF00358046 /* KMRMLLDBViewController~ipad.xib */; };
		56DE033D1758FE0900358046 /* KMRMToolsViewController.m in Sources */ = {isa = PBXBuildFile; fileRef = 56DE033B1758FE0900358046 /* KMRMToolsViewController.m */; };
		56DE033E1758FE0900358046 /* KMRMToolsViewController.m in Sources */ = {isa = PBXBuildFile; fileRef = 56DE033B1758FE0900358046 /* KMRMToolsViewController.m */; };
		56DE033F1758FE0900358046 /* KMRMToolsViewController~iphone.xib in Resources */ = {isa = PBXBuildFile; fileRef = 56DE033C1758FE0900358046 /* KMRMToolsViewController~iphone.xib */; };
		56DE03401758FE0900358046 /* KMRMToolsViewController~iphone.xib in Resources */ = {isa = PBXBuildFile; fileRef = 56DE033C1758FE0900358046 /* KMRMToolsViewController~iphone.xib */; };
		56DE03421758FE1400358046 /* KMRMToolsViewController~ipad.xib in Resources */ = {isa = PBXBuildFile; fileRef = 56DE03411758FE1400358046 /* KMRMToolsViewController~ipad.xib */; };
		56DE03431758FE1400358046 /* KMRMToolsViewController~ipad.xib in Resources */ = {isa = PBXBuildFile; fileRef = 56DE03411758FE1400358046 /* KMRMToolsViewController~ipad.xib */; };
		56E355F017589E500003272A /* lldb_utilities.py in Resources */ = {isa = PBXBuildFile; fileRef = 56E355ED17589E500003272A /* lldb_utilities.py */; };
		56E355F117589E500003272A /* lldbinit in Resources */ = {isa = PBXBuildFile; fileRef = 56E355EE17589E500003272A /* lldbinit */; };
		56E355F217589E500003272A /* README.md in Resources */ = {isa = PBXBuildFile; fileRef = 56E355EF17589E500003272A /* README.md */; };
		56EC3B9C1758A5BC00667F2D /* utils.py in Resources */ = {isa = PBXBuildFile; fileRef = 56EC3B9B1758A5BC00667F2D /* utils.py */; };
		DF24EC1C45354513A1AB8002 /* libPods.a in Frameworks */ = {isa = PBXBuildFile; fileRef = BAD933AEEAFB492CAD1BCDE4 /* libPods.a */; };
		KIYDQKWBMRKIEYEVRWSLKUDQ /* QuartzCore.framework in Frameworks */ = {isa = PBXBuildFile; fileRef = HYXIFWTDXJPPRRMDCEPMDTJH /* QuartzCore.framework */; };
/* End PBXBuildFile section */

/* Begin PBXContainerItemProxy section */
		56162B521753F52B00C7705E /* PBXContainerItemProxy */ = {
			isa = PBXContainerItemProxy;
			containerPortal = 56162B251753F52A00C7705E /* Project object */;
			proxyType = 1;
			remoteGlobalIDString = 56162B2C1753F52A00C7705E;
			remoteInfo = KimeraMobile;
		};
/* End PBXContainerItemProxy section */

/* Begin PBXFileReference section */
		2F1C6C6EE79B43119ED339AC /* ../Pods/Pods.xcconfig */ = {isa = PBXFileReference; includeInIndex = 1; lastKnownFileType = text.xcconfig; path = ../Pods/Pods.xcconfig; sourceTree = SOURCE_ROOT; };
		5611F671178C17AF00A631A4 /* KMRMHomeCell.h */ = {isa = PBXFileReference; fileEncoding = 4; lastKnownFileType = sourcecode.c.h; path = KMRMHomeCell.h; sourceTree = "<group>"; };
		5611F672178C17AF00A631A4 /* KMRMHomeCell.m */ = {isa = PBXFileReference; fileEncoding = 4; lastKnownFileType = sourcecode.c.objc; path = KMRMHomeCell.m; sourceTree = "<group>"; };
		5611F677178C17F300A631A4 /* KMRMInterface.h */ = {isa = PBXFileReference; fileEncoding = 4; lastKnownFileType = sourcecode.c.h; path = KMRMInterface.h; sourceTree = "<group>"; };
		5611F678178C17F300A631A4 /* KMRMInterface.m */ = {isa = PBXFileReference; fileEncoding = 4; lastKnownFileType = sourcecode.c.objc; path = KMRMInterface.m; sourceTree = "<group>"; };
		5611F683178C187200A631A4 /* KMRMDefaultTheme.h */ = {isa = PBXFileReference; fileEncoding = 4; lastKnownFileType = sourcecode.c.h; path = KMRMDefaultTheme.h; sourceTree = "<group>"; };
		5611F684178C187200A631A4 /* KMRMDefaultTheme.m */ = {isa = PBXFileReference; fileEncoding = 4; lastKnownFileType = sourcecode.c.objc; path = KMRMDefaultTheme.m; sourceTree = "<group>"; };
		5611F686178C187200A631A4 /* KMRMTheme.h */ = {isa = PBXFileReference; fileEncoding = 4; lastKnownFileType = sourcecode.c.h; path = KMRMTheme.h; sourceTree = "<group>"; };
		5611F689178C188000A631A4 /* KMRMGreenTheme.h */ = {isa = PBXFileReference; fileEncoding = 4; lastKnownFileType = sourcecode.c.h; path = KMRMGreenTheme.h; sourceTree = "<group>"; };
		5611F68A178C188000A631A4 /* KMRMGreenTheme.m */ = {isa = PBXFileReference; fileEncoding = 4; lastKnownFileType = sourcecode.c.objc; path = KMRMGreenTheme.m; sourceTree = "<group>"; };
		5611F68D178C18A300A631A4 /* KMRMHomeCell~ipad.xib */ = {isa = PBXFileReference; fileEncoding = 4; lastKnownFileType = file.xib; path = "KMRMHomeCell~ipad.xib"; sourceTree = "<group>"; };
		5611F690178C18B200A631A4 /* KMRMHomeCell~iphone.xib */ = {isa = PBXFileReference; fileEncoding = 4; lastKnownFileType = file.xib; path = "KMRMHomeCell~iphone.xib"; sourceTree = "<group>"; };
		5611F694178C1A6B00A631A4 /* KMRMBaseCell.h */ = {isa = PBXFileReference; fileEncoding = 4; lastKnownFileType = sourcecode.c.h; path = KMRMBaseCell.h; sourceTree = "<group>"; };
		5611F695178C1A6B00A631A4 /* KMRMBaseCell.m */ = {isa = PBXFileReference; fileEncoding = 4; lastKnownFileType = sourcecode.c.objc; path = KMRMBaseCell.m; sourceTree = "<group>"; };
		5611F699178C1B0100A631A4 /* UIResponder+Kimera.h */ = {isa = PBXFileReference; fileEncoding = 4; lastKnownFileType = sourcecode.c.h; path = "UIResponder+Kimera.h"; sourceTree = "<group>"; };
		5611F69A178C1B0100A631A4 /* UIResponder+Kimera.m */ = {isa = PBXFileReference; fileEncoding = 4; lastKnownFileType = sourcecode.c.objc; path = "UIResponder+Kimera.m"; sourceTree = "<group>"; };
		5611F69E178C224F00A631A4 /* KMRMService.h */ = {isa = PBXFileReference; fileEncoding = 4; lastKnownFileType = sourcecode.c.h; path = KMRMService.h; sourceTree = "<group>"; };
		5611F69F178C224F00A631A4 /* KMRMService.m */ = {isa = PBXFileReference; fileEncoding = 4; lastKnownFileType = sourcecode.c.objc; path = KMRMService.m; sourceTree = "<group>"; };
		56162B2D1753F52A00C7705E /* Kimera.app */ = {isa = PBXFileReference; explicitFileType = wrapper.application; includeInIndex = 0; path = Kimera.app; sourceTree = BUILT_PRODUCTS_DIR; };
		56162B301753F52A00C7705E /* UIKit.framework */ = {isa = PBXFileReference; lastKnownFileType = wrapper.framework; name = UIKit.framework; path = System/Library/Frameworks/UIKit.framework; sourceTree = SDKROOT; };
		56162B321753F52A00C7705E /* Foundation.framework */ = {isa = PBXFileReference; lastKnownFileType = wrapper.framework; name = Foundation.framework; path = System/Library/Frameworks/Foundation.framework; sourceTree = SDKROOT; };
		56162B341753F52A00C7705E /* CoreGraphics.framework */ = {isa = PBXFileReference; lastKnownFileType = wrapper.framework; name = CoreGraphics.framework; path = System/Library/Frameworks/CoreGraphics.framework; sourceTree = SDKROOT; };
		56162B4D1753F52B00C7705E /* KimeraMobileTests.octest */ = {isa = PBXFileReference; explicitFileType = wrapper.cfbundle; includeInIndex = 0; path = KimeraMobileTests.octest; sourceTree = BUILT_PRODUCTS_DIR; };
		56162B4E1753F52B00C7705E /* SenTestingKit.framework */ = {isa = PBXFileReference; lastKnownFileType = wrapper.framework; name = SenTestingKit.framework; path = Library/Frameworks/SenTestingKit.framework; sourceTree = DEVELOPER_DIR; };
		56162B561753F52B00C7705E /* KimeraMobileTests-Info.plist */ = {isa = PBXFileReference; lastKnownFileType = text.plist.xml; path = "KimeraMobileTests-Info.plist"; sourceTree = "<group>"; };
		56162B581753F52B00C7705E /* en */ = {isa = PBXFileReference; lastKnownFileType = text.plist.strings; name = en; path = en.lproj/InfoPlist.strings; sourceTree = "<group>"; };
		56162B5A1753F52B00C7705E /* KimeraMobileTests.h */ = {isa = PBXFileReference; lastKnownFileType = sourcecode.c.h; path = KimeraMobileTests.h; sourceTree = "<group>"; };
		56162B5B1753F52B00C7705E /* KimeraMobileTests.m */ = {isa = PBXFileReference; lastKnownFileType = sourcecode.c.objc; path = KimeraMobileTests.m; sourceTree = "<group>"; };
		56162B661753F62200C7705E /* KimeraMobile-Info.plist */ = {isa = PBXFileReference; fileEncoding = 4; lastKnownFileType = text.plist.xml; path = "KimeraMobile-Info.plist"; sourceTree = "<group>"; };
		56162B671753F62200C7705E /* KimeraMobile-Prefix.pch */ = {isa = PBXFileReference; fileEncoding = 4; lastKnownFileType = sourcecode.c.h; path = "KimeraMobile-Prefix.pch"; sourceTree = "<group>"; };
		56162B681753F62200C7705E /* KMRMAppDelegate.h */ = {isa = PBXFileReference; fileEncoding = 4; lastKnownFileType = sourcecode.c.h; path = KMRMAppDelegate.h; sourceTree = "<group>"; };
		56162B691753F62200C7705E /* KMRMAppDelegate.m */ = {isa = PBXFileReference; fileEncoding = 4; lastKnownFileType = sourcecode.c.objc; path = KMRMAppDelegate.m; sourceTree = "<group>"; };
		56162B6A1753F62200C7705E /* main.m */ = {isa = PBXFileReference; fileEncoding = 4; lastKnownFileType = sourcecode.c.objc; path = main.m; sourceTree = "<group>"; };
		56162B711753F80900C7705E /* en */ = {isa = PBXFileReference; lastKnownFileType = text.plist.strings; name = en; path = en.lproj/InfoPlist.strings; sourceTree = "<group>"; };
		56162B731753F81800C7705E /* it */ = {isa = PBXFileReference; lastKnownFileType = text.plist.strings; name = it; path = it.lproj/InfoPlist.strings; sourceTree = "<group>"; };
		56162B741753F81800C7705E /* it */ = {isa = PBXFileReference; lastKnownFileType = text.plist.strings; name = it; path = it.lproj/InfoPlist.strings; sourceTree = "<group>"; };
		56162B761753F84C00C7705E /* en */ = {isa = PBXFileReference; lastKnownFileType = text.plist.strings; name = en; path = en.lproj/Localizable.strings; sourceTree = "<group>"; };
		56162B781753F85700C7705E /* it */ = {isa = PBXFileReference; lastKnownFileType = text.plist.strings; name = it; path = it.lproj/Localizable.strings; sourceTree = "<group>"; };
		56162B871753FCD000C7705E /* Default-568h@2x.png */ = {isa = PBXFileReference; lastKnownFileType = image.png; path = "Default-568h@2x.png"; sourceTree = "<group>"; };
		56162B881753FCD000C7705E /* Default.png */ = {isa = PBXFileReference; lastKnownFileType = image.png; path = Default.png; sourceTree = "<group>"; };
		56162B891753FCD000C7705E /* Default@2x.png */ = {isa = PBXFileReference; lastKnownFileType = image.png; path = "Default@2x.png"; sourceTree = "<group>"; };
		5619F183175934950072C7AB /* MobileCoreServices.framework */ = {isa = PBXFileReference; lastKnownFileType = wrapper.framework; name = MobileCoreServices.framework; path = System/Library/Frameworks/MobileCoreServices.framework; sourceTree = SDKROOT; };
		562FE965175407AD004DC70D /* libTestFlight.a */ = {isa = PBXFileReference; lastKnownFileType = archive.ar; path = libTestFlight.a; sourceTree = "<group>"; };
		562FE968175407AD004DC70D /* TestFlight.h */ = {isa = PBXFileReference; fileEncoding = 4; lastKnownFileType = sourcecode.c.h; path = TestFlight.h; sourceTree = "<group>"; };
		562FE96E17540A37004DC70D /* KMRMHomeViewController.h */ = {isa = PBXFileReference; fileEncoding = 4; lastKnownFileType = sourcecode.c.h; path = KMRMHomeViewController.h; sourceTree = "<group>"; };
		562FE96F17540A37004DC70D /* KMRMHomeViewController.m */ = {isa = PBXFileReference; fileEncoding = 4; lastKnownFileType = sourcecode.c.objc; path = KMRMHomeViewController.m; sourceTree = "<group>"; };
		562FE97017540A37004DC70D /* KMRMHomeViewController~iphone.xib */ = {isa = PBXFileReference; fileEncoding = 4; lastKnownFileType = file.xib; path = "KMRMHomeViewController~iphone.xib"; sourceTree = "<group>"; };
		562FE97517540A5C004DC70D /* KMRMHomeViewController~ipad.xib */ = {isa = PBXFileReference; fileEncoding = 4; lastKnownFileType = file.xib; path = "KMRMHomeViewController~ipad.xib"; sourceTree = "<group>"; };
		562FE97A17540B43004DC70D /* libz.dylib */ = {isa = PBXFileReference; lastKnownFileType = "compiled.mach-o.dylib"; name = libz.dylib; path = usr/lib/libz.dylib; sourceTree = SDKROOT; };
		562FE97F17540D8A004DC70D /* KMRMMrcIssueViewController.h */ = {isa = PBXFileReference; fileEncoding = 4; lastKnownFileType = sourcecode.c.h; path = KMRMMrcIssueViewController.h; sourceTree = "<group>"; };
		562FE98017540D8A004DC70D /* KMRMMrcIssueViewController.m */ = {isa = PBXFileReference; fileEncoding = 4; lastKnownFileType = sourcecode.c.objc; path = KMRMMrcIssueViewController.m; sourceTree = "<group>"; };
		562FE98117540D8A004DC70D /* KMRMMrcIssueViewController~iphone.xib */ = {isa = PBXFileReference; fileEncoding = 4; lastKnownFileType = file.xib; path = "KMRMMrcIssueViewController~iphone.xib"; sourceTree = "<group>"; };
		562FE98617540DD7004DC70D /* KMRMMrcIssueViewController~ipad.xib */ = {isa = PBXFileReference; fileEncoding = 4; lastKnownFileType = file.xib; path = "KMRMMrcIssueViewController~ipad.xib"; sourceTree = "<group>"; };
		5635974B17588D0F0009E155 /* KMRMArgument_summary.py */ = {isa = PBXFileReference; fileEncoding = 4; lastKnownFileType = text.script.python; path = KMRMArgument_summary.py; sourceTree = "<group>"; };
		5642B7291759EBD900BE5731 /* DMLogger.h */ = {isa = PBXFileReference; fileEncoding = 4; lastKnownFileType = sourcecode.c.h; path = DMLogger.h; sourceTree = "<group>"; };
		5642B72A1759EBD900BE5731 /* DMLogger.m */ = {isa = PBXFileReference; fileEncoding = 4; lastKnownFileType = sourcecode.c.objc; path = DMLogger.m; sourceTree = "<group>"; };
		5648D5621754D83A00EE9C0E /* KMRMBreakpointsViewController.h */ = {isa = PBXFileReference; fileEncoding = 4; lastKnownFileType = sourcecode.c.h; path = KMRMBreakpointsViewController.h; sourceTree = "<group>"; };
		5648D5631754D83A00EE9C0E /* KMRMBreakpointsViewController.m */ = {isa = PBXFileReference; fileEncoding = 4; lastKnownFileType = sourcecode.c.objc; path = KMRMBreakpointsViewController.m; sourceTree = "<group>"; };
		5648D5691754D84E00EE9C0E /* KMRMBreakpointsViewController~ipad.xib */ = {isa = PBXFileReference; fileEncoding = 4; lastKnownFileType = file.xib; path = "KMRMBreakpointsViewController~ipad.xib"; sourceTree = "<group>"; };
		5648D56C1754D88000EE9C0E /* KMRMArcIssuesViewController.h */ = {isa = PBXFileReference; fileEncoding = 4; lastKnownFileType = sourcecode.c.h; path = KMRMArcIssuesViewController.h; sourceTree = "<group>"; };
		5648D56D1754D88000EE9C0E /* KMRMArcIssuesViewController.m */ = {isa = PBXFileReference; fileEncoding = 4; lastKnownFileType = sourcecode.c.objc; path = KMRMArcIssuesViewController.m; sourceTree = "<group>"; };
		5648D56E1754D88000EE9C0E /* KMRMArcIssuesViewController~iphone.xib */ = {isa = PBXFileReference; fileEncoding = 4; lastKnownFileType = file.xib; path = "KMRMArcIssuesViewController~iphone.xib"; sourceTree = "<group>"; };
		5648D5731754D89A00EE9C0E /* KMRMArcIssuesViewController~ipad.xib */ = {isa = PBXFileReference; fileEncoding = 4; lastKnownFileType = file.xib; path = "KMRMArcIssuesViewController~ipad.xib"; sourceTree = "<group>"; };
		5648D5781754D92B00EE9C0E /* KMRMTableViewController.h */ = {isa = PBXFileReference; fileEncoding = 4; lastKnownFileType = sourcecode.c.h; path = KMRMTableViewController.h; sourceTree = "<group>"; };
		5648D5791754D92B00EE9C0E /* KMRMTableViewController.m */ = {isa = PBXFileReference; fileEncoding = 4; lastKnownFileType = sourcecode.c.objc; path = KMRMTableViewController.m; sourceTree = "<group>"; };
		5648D5D017553B2D00EE9C0E /* KMRMTopic.h */ = {isa = PBXFileReference; fileEncoding = 4; lastKnownFileType = sourcecode.c.h; path = KMRMTopic.h; sourceTree = "<group>"; };
		5648D5D117553B2D00EE9C0E /* KMRMTopic.m */ = {isa = PBXFileReference; fileEncoding = 4; lastKnownFileType = sourcecode.c.objc; path = KMRMTopic.m; sourceTree = "<group>"; };
		5648D5D517553CEA00EE9C0E /* Kimera_Topics.plist */ = {isa = PBXFileReference; fileEncoding = 4; lastKnownFileType = text.plist.xml; path = Kimera_Topics.plist; sourceTree = "<group>"; };
		5648D5D817553EC500EE9C0E /* KMRMArgument.h */ = {isa = PBXFileReference; fileEncoding = 4; lastKnownFileType = sourcecode.c.h; path = KMRMArgument.h; sourceTree = "<group>"; };
		5648D5D917553EC500EE9C0E /* KMRMArgument.m */ = {isa = PBXFileReference; fileEncoding = 4; lastKnownFileType = sourcecode.c.objc; path = KMRMArgument.m; sourceTree = "<group>"; };
		5648D5DC175542A900EE9C0E /* KMRMDataModel.h */ = {isa = PBXFileReference; fileEncoding = 4; lastKnownFileType = sourcecode.c.h; path = KMRMDataModel.h; sourceTree = "<group>"; };
		5648D5DD175542A900EE9C0E /* KMRMDataModel.m */ = {isa = PBXFileReference; fileEncoding = 4; lastKnownFileType = sourcecode.c.objc; path = KMRMDataModel.m; sourceTree = "<group>"; };
		5648D5E0175543C400EE9C0E /* KMRMBaseViewController.h */ = {isa = PBXFileReference; fileEncoding = 4; lastKnownFileType = sourcecode.c.h; path = KMRMBaseViewController.h; sourceTree = "<group>"; };
		5648D5E1175543C400EE9C0E /* KMRMBaseViewController.m */ = {isa = PBXFileReference; fileEncoding = 4; lastKnownFileType = sourcecode.c.objc; path = KMRMBaseViewController.m; sourceTree = "<group>"; };
		5648D5E617554CDB00EE9C0E /* KMRMLoggingViewController.h */ = {isa = PBXFileReference; fileEncoding = 4; lastKnownFileType = sourcecode.c.h; path = KMRMLoggingViewController.h; sourceTree = "<group>"; };
		5648D5E717554CDB00EE9C0E /* KMRMLoggingViewController.m */ = {isa = PBXFileReference; fileEncoding = 4; lastKnownFileType = sourcecode.c.objc; path = KMRMLoggingViewController.m; sourceTree = "<group>"; };
		5648D5E817554CDB00EE9C0E /* KMRMLoggingViewController~iphone.xib */ = {isa = PBXFileReference; fileEncoding = 4; lastKnownFileType = file.xib; path = "KMRMLoggingViewController~iphone.xib"; sourceTree = "<group>"; };
		5648D5ED17554CF500EE9C0E /* KMRMLoggingViewController~ipad.xib */ = {isa = PBXFileReference; fileEncoding = 4; lastKnownFileType = file.xib; path = "KMRMLoggingViewController~ipad.xib"; sourceTree = "<group>"; };
		564FDC1317568D2C00B637BC /* CFNetwork.framework */ = {isa = PBXFileReference; lastKnownFileType = wrapper.framework; name = CFNetwork.framework; path = System/Library/Frameworks/CFNetwork.framework; sourceTree = SDKROOT; };
		564FDC1517568D4600B637BC /* SystemConfiguration.framework */ = {isa = PBXFileReference; lastKnownFileType = wrapper.framework; name = SystemConfiguration.framework; path = System/Library/Frameworks/SystemConfiguration.framework; sourceTree = SDKROOT; };
		564FDC1A1756925B00B637BC /* meme_jackie_chan.jpg */ = {isa = PBXFileReference; lastKnownFileType = image.jpeg; path = meme_jackie_chan.jpg; sourceTree = "<group>"; };
		564FDF401756A89D00B637BC /* KMRMBreakpointsViewController~iphone.xib */ = {isa = PBXFileReference; fileEncoding = 4; lastKnownFileType = file.xib; path = "KMRMBreakpointsViewController~iphone.xib"; sourceTree = "<group>"; };
		56DE032F1758ADCC00358046 /* KMRMLLDBViewController.h */ = {isa = PBXFileReference; fileEncoding = 4; lastKnownFileType = sourcecode.c.h; path = KMRMLLDBViewController.h; sourceTree = "<group>"; };
		56DE03301758ADCC00358046 /* KMRMLLDBViewController.m */ = {isa = PBXFileReference; fileEncoding = 4; lastKnownFileType = sourcecode.c.objc; path = KMRMLLDBViewController.m; sourceTree = "<group>"; };
		56DE03311758ADCC00358046 /* KMRMLLDBViewController~iphone.xib */ = {isa = PBXFileReference; fileEncoding = 4; lastKnownFileType = file.xib; path = "KMRMLLDBViewController~iphone.xib"; sourceTree = "<group>"; };
		56DE03361758ADEF00358046 /* KMRMLLDBViewController~ipad.xib */ = {isa = PBXFileReference; fileEncoding = 4; lastKnownFileType = file.xib; path = "KMRMLLDBViewController~ipad.xib"; sourceTree = "<group>"; };
		56DE033A1758FE0900358046 /* KMRMToolsViewController.h */ = {isa = PBXFileReference; fileEncoding = 4; lastKnownFileType = sourcecode.c.h; path = KMRMToolsViewController.h; sourceTree = "<group>"; };
		56DE033B1758FE0900358046 /* KMRMToolsViewController.m */ = {isa = PBXFileReference; fileEncoding = 4; lastKnownFileType = sourcecode.c.objc; path = KMRMToolsViewController.m; sourceTree = "<group>"; };
		56DE033C1758FE0900358046 /* KMRMToolsViewController~iphone.xib */ = {isa = PBXFileReference; fileEncoding = 4; lastKnownFileType = file.xib; path = "KMRMToolsViewController~iphone.xib"; sourceTree = "<group>"; };
		56DE03411758FE1400358046 /* KMRMToolsViewController~ipad.xib */ = {isa = PBXFileReference; fileEncoding = 4; lastKnownFileType = file.xib; path = "KMRMToolsViewController~ipad.xib"; sourceTree = "<group>"; };
		56E355ED17589E500003272A /* lldb_utilities.py */ = {isa = PBXFileReference; fileEncoding = 4; lastKnownFileType = text.script.python; path = lldb_utilities.py; sourceTree = "<group>"; };
		56E355EE17589E500003272A /* lldbinit */ = {isa = PBXFileReference; fileEncoding = 4; lastKnownFileType = text; path = lldbinit; sourceTree = "<group>"; };
		56E355EF17589E500003272A /* README.md */ = {isa = PBXFileReference; fileEncoding = 4; lastKnownFileType = text; path = README.md; sourceTree = "<group>"; };
		56EC3B9B1758A5BC00667F2D /* utils.py */ = {isa = PBXFileReference; fileEncoding = 4; lastKnownFileType = text.script.python; path = utils.py; sourceTree = "<group>"; };
		BAD933AEEAFB492CAD1BCDE4 /* libPods.a */ = {isa = PBXFileReference; explicitFileType = archive.ar; includeInIndex = 0; path = libPods.a; sourceTree = BUILT_PRODUCTS_DIR; };
		HYXIFWTDXJPPRRMDCEPMDTJH /* QuartzCore.framework */ = {isa = PBXFileReference; lastKnownFileType = wrapper.framework; name = QuartzCore.framework; path = System/Library/Frameworks/QuartzCore.framework; sourceTree = SDKROOT; };
/* End PBXFileReference section */

/* Begin PBXFrameworksBuildPhase section */
		56162B2A1753F52A00C7705E /* Frameworks */ = {
			isa = PBXFrameworksBuildPhase;
			buildActionMask = 2147483647;
			files = (
				5619F184175934950072C7AB /* MobileCoreServices.framework in Frameworks */,
				564FDC1617568D4600B637BC /* SystemConfiguration.framework in Frameworks */,
				564FDC1417568D2C00B637BC /* CFNetwork.framework in Frameworks */,
				562FE97B17540B43004DC70D /* libz.dylib in Frameworks */,
				56162B311753F52A00C7705E /* UIKit.framework in Frameworks */,
				56162B331753F52A00C7705E /* Foundation.framework in Frameworks */,
				56162B351753F52A00C7705E /* CoreGraphics.framework in Frameworks */,
				KIYDQKWBMRKIEYEVRWSLKUDQ /* QuartzCore.framework in Frameworks */,
				DF24EC1C45354513A1AB8002 /* libPods.a in Frameworks */,
				5611F6A3178C30A600A631A4 /* libTestFlight.a in Frameworks */,
			);
			runOnlyForDeploymentPostprocessing = 0;
		};
		56162B491753F52B00C7705E /* Frameworks */ = {
			isa = PBXFrameworksBuildPhase;
			buildActionMask = 2147483647;
			files = (
				56162B4F1753F52B00C7705E /* SenTestingKit.framework in Frameworks */,
				56162B501753F52B00C7705E /* UIKit.framework in Frameworks */,
				56162B511753F52B00C7705E /* Foundation.framework in Frameworks */,
			);
			runOnlyForDeploymentPostprocessing = 0;
		};
/* End PBXFrameworksBuildPhase section */

/* Begin PBXGroup section */
		5611F66F178C176300A631A4 /* Views */ = {
			isa = PBXGroup;
			children = (
			);
			path = Views;
			sourceTree = "<group>";
		};
		5611F670178C178B00A631A4 /* Home */ = {
			isa = PBXGroup;
			children = (
				5611F671178C17AF00A631A4 /* KMRMHomeCell.h */,
				5611F672178C17AF00A631A4 /* KMRMHomeCell.m */,
				5611F68D178C18A300A631A4 /* KMRMHomeCell~ipad.xib */,
				5611F690178C18B200A631A4 /* KMRMHomeCell~iphone.xib */,
			);
			path = Home;
			sourceTree = "<group>";
		};
		5611F675178C17B700A631A4 /* Interface */ = {
			isa = PBXGroup;
			children = (
				5611F681178C187200A631A4 /* Themes */,
				5611F677178C17F300A631A4 /* KMRMInterface.h */,
				5611F678178C17F300A631A4 /* KMRMInterface.m */,
			);
			path = Interface;
			sourceTree = "<group>";
		};
		5611F681178C187200A631A4 /* Themes */ = {
			isa = PBXGroup;
			children = (
				5611F682178C187200A631A4 /* Default */,
				5611F685178C187200A631A4 /* Green */,
				5611F686178C187200A631A4 /* KMRMTheme.h */,
			);
			path = Themes;
			sourceTree = "<group>";
		};
		5611F682178C187200A631A4 /* Default */ = {
			isa = PBXGroup;
			children = (
				5611F683178C187200A631A4 /* KMRMDefaultTheme.h */,
				5611F684178C187200A631A4 /* KMRMDefaultTheme.m */,
			);
			path = Default;
			sourceTree = "<group>";
		};
		5611F685178C187200A631A4 /* Green */ = {
			isa = PBXGroup;
			children = (
				5611F689178C188000A631A4 /* KMRMGreenTheme.h */,
				5611F68A178C188000A631A4 /* KMRMGreenTheme.m */,
			);
			path = Green;
			sourceTree = "<group>";
		};
		5611F693178C1A5100A631A4 /* Base */ = {
			isa = PBXGroup;
			children = (
				5611F694178C1A6B00A631A4 /* KMRMBaseCell.h */,
				5611F695178C1A6B00A631A4 /* KMRMBaseCell.m */,
			);
			path = Base;
			sourceTree = "<group>";
		};
		5611F698178C1AE900A631A4 /* Categories */ = {
			isa = PBXGroup;
			children = (
				5611F699178C1B0100A631A4 /* UIResponder+Kimera.h */,
				5611F69A178C1B0100A631A4 /* UIResponder+Kimera.m */,
			);
			path = Categories;
			sourceTree = "<group>";
		};
		5611F69D178C21A400A631A4 /* Service */ = {
			isa = PBXGroup;
			children = (
				5611F69E178C224F00A631A4 /* KMRMService.h */,
				5611F69F178C224F00A631A4 /* KMRMService.m */,
			);
			path = Service;
			sourceTree = "<group>";
		};
		5611F6A2178C226D00A631A4 /* Fonts */ = {
			isa = PBXGroup;
			children = (
			);
			name = Fonts;
			sourceTree = "<group>";
		};
		56162B241753F52A00C7705E = {
			isa = PBXGroup;
			children = (
				56162B361753F52A00C7705E /* KimeraMobile */,
				56162B541753F52B00C7705E /* KimeraMobileTests */,
				56162B2F1753F52A00C7705E /* Frameworks */,
				56162B2E1753F52A00C7705E /* Products */,
				2F1C6C6EE79B43119ED339AC /* ../Pods/Pods.xcconfig */,
			);
			sourceTree = "<group>";
		};
		56162B2E1753F52A00C7705E /* Products */ = {
			isa = PBXGroup;
			children = (
				56162B2D1753F52A00C7705E /* Kimera.app */,
				56162B4D1753F52B00C7705E /* KimeraMobileTests.octest */,
			);
			name = Products;
			sourceTree = "<group>";
		};
		56162B2F1753F52A00C7705E /* Frameworks */ = {
			isa = PBXGroup;
			children = (
				564FDC1317568D2C00B637BC /* CFNetwork.framework */,
				56162B341753F52A00C7705E /* CoreGraphics.framework */,
				56162B321753F52A00C7705E /* Foundation.framework */,
				562FE97A17540B43004DC70D /* libz.dylib */,
				5619F183175934950072C7AB /* MobileCoreServices.framework */,
				HYXIFWTDXJPPRRMDCEPMDTJH /* QuartzCore.framework */,
				56162B4E1753F52B00C7705E /* SenTestingKit.framework */,
				564FDC1517568D4600B637BC /* SystemConfiguration.framework */,
				56162B301753F52A00C7705E /* UIKit.framework */,
				BAD933AEEAFB492CAD1BCDE4 /* libPods.a */,
			);
			name = Frameworks;
			sourceTree = "<group>";
		};
		56162B361753F52A00C7705E /* KimeraMobile */ = {
			isa = PBXGroup;
			children = (
				56162B651753F53200C7705E /* Application */,
				56162B8F1753FD0200C7705E /* Controllers */,
				5648D5761754D8FF00EE9C0E /* Library */,
				5648D5CE17553AC600EE9C0E /* Models */,
				56162B6E1753F70300C7705E /* Resources */,
				56162B911753FD4B00C7705E /* Vendors */,
			);
			path = KimeraMobile;
			sourceTree = "<group>";
		};
		56162B541753F52B00C7705E /* KimeraMobileTests */ = {
			isa = PBXGroup;
			children = (
				56162B5A1753F52B00C7705E /* KimeraMobileTests.h */,
				56162B5B1753F52B00C7705E /* KimeraMobileTests.m */,
				56162B551753F52B00C7705E /* Supporting Files */,
			);
			path = KimeraMobileTests;
			sourceTree = "<group>";
		};
		56162B551753F52B00C7705E /* Supporting Files */ = {
			isa = PBXGroup;
			children = (
				56162B561753F52B00C7705E /* KimeraMobileTests-Info.plist */,
				56162B571753F52B00C7705E /* InfoPlist.strings */,
			);
			name = "Supporting Files";
			sourceTree = "<group>";
		};
		56162B651753F53200C7705E /* Application */ = {
			isa = PBXGroup;
			children = (
				56162B661753F62200C7705E /* KimeraMobile-Info.plist */,
				56162B671753F62200C7705E /* KimeraMobile-Prefix.pch */,
				56162B681753F62200C7705E /* KMRMAppDelegate.h */,
				56162B691753F62200C7705E /* KMRMAppDelegate.m */,
				56162B6A1753F62200C7705E /* main.m */,
			);
			path = Application;
			sourceTree = "<group>";
		};
		56162B6E1753F70300C7705E /* Resources */ = {
			isa = PBXGroup;
			children = (
				5648D5D417553C9500EE9C0E /* Data */,
				56162B851753FC9100C7705E /* Images */,
				56162B6F1753F71F00C7705E /* Localizations */,
				5635974A17588CE00009E155 /* Scripts */,
				56162B7A1753F8EF00C7705E /* Themes */,
			);
			path = Resources;
			sourceTree = "<group>";
		};
		56162B6F1753F71F00C7705E /* Localizations */ = {
			isa = PBXGroup;
			children = (
				56162B701753F80900C7705E /* InfoPlist.strings */,
				56162B751753F84C00C7705E /* Localizable.strings */,
			);
			path = Localizations;
			sourceTree = "<group>";
		};
		56162B7A1753F8EF00C7705E /* Themes */ = {
			isa = PBXGroup;
			children = (
				56162B7F1753FC0D00C7705E /* DefaultTheme */,
				56162B801753FC2300C7705E /* GreenTheme */,
			);
			path = Themes;
			sourceTree = "<group>";
		};
		56162B7F1753FC0D00C7705E /* DefaultTheme */ = {
			isa = PBXGroup;
			children = (
				5611F6A2178C226D00A631A4 /* Fonts */,
				56162B811753FC4500C7705E /* Images */,
			);
			path = DefaultTheme;
			sourceTree = "<group>";
		};
		56162B801753FC2300C7705E /* GreenTheme */ = {
			isa = PBXGroup;
			children = (
				56162B831753FC6100C7705E /* Fonts */,
				56162B821753FC5600C7705E /* Images */,
			);
			path = GreenTheme;
			sourceTree = "<group>";
		};
		56162B811753FC4500C7705E /* Images */ = {
			isa = PBXGroup;
			children = (
			);
			path = Images;
			sourceTree = "<group>";
		};
		56162B821753FC5600C7705E /* Images */ = {
			isa = PBXGroup;
			children = (
			);
			path = Images;
			sourceTree = "<group>";
		};
		56162B831753FC6100C7705E /* Fonts */ = {
			isa = PBXGroup;
			children = (
			);
			path = Fonts;
			sourceTree = "<group>";
		};
		56162B851753FC9100C7705E /* Images */ = {
			isa = PBXGroup;
			children = (
				56162B861753FC9E00C7705E /* App */,
				564FDC191756918F00B637BC /* Memes */,
			);
			path = Images;
			sourceTree = "<group>";
		};
		56162B861753FC9E00C7705E /* App */ = {
			isa = PBXGroup;
			children = (
				56162B871753FCD000C7705E /* Default-568h@2x.png */,
				56162B881753FCD000C7705E /* Default.png */,
				56162B891753FCD000C7705E /* Default@2x.png */,
			);
			path = App;
			sourceTree = "<group>";
		};
		56162B8F1753FD0200C7705E /* Controllers */ = {
			isa = PBXGroup;
			children = (
				562FE96C17540A06004DC70D /* Common */,
				56162B901753FD1900C7705E /* Debugging */,
			);
			path = Controllers;
			sourceTree = "<group>";
		};
		56162B901753FD1900C7705E /* Debugging */ = {
			isa = PBXGroup;
			children = (
				56DE03391758FDF300358046 /* Tools */,
				56DE032E1758ADAB00358046 /* LLDB */,
				5648D5E517554CBC00EE9C0E /* Logging */,
				5648D5611754D80800EE9C0E /* Breakpoints */,
				562FE97D17540D72004DC70D /* ArcIssues */,
				562FE97E17540D72004DC70D /* MrcIssues */,
			);
			path = Debugging;
			sourceTree = "<group>";
		};
		56162B911753FD4B00C7705E /* Vendors */ = {
			isa = PBXGroup;
			children = (
				5642B7261759EBD900BE5731 /* DMLogger */,
				56E355EC17589E500003272A /* lldb_utilities */,
				562FE964175407AD004DC70D /* TestFlightSDK */,
			);
			path = Vendors;
			sourceTree = "<group>";
		};
		562FE964175407AD004DC70D /* TestFlightSDK */ = {
			isa = PBXGroup;
			children = (
				562FE965175407AD004DC70D /* libTestFlight.a */,
				562FE968175407AD004DC70D /* TestFlight.h */,
			);
			name = TestFlightSDK;
			path = TestFlightSDK1.2.5;
			sourceTree = "<group>";
		};
		562FE96C17540A06004DC70D /* Common */ = {
			isa = PBXGroup;
			children = (
				562FE96D17540A17004DC70D /* Home */,
			);
			path = Common;
			sourceTree = "<group>";
		};
		562FE96D17540A17004DC70D /* Home */ = {
			isa = PBXGroup;
			children = (
				562FE96E17540A37004DC70D /* KMRMHomeViewController.h */,
				562FE96F17540A37004DC70D /* KMRMHomeViewController.m */,
				562FE97017540A37004DC70D /* KMRMHomeViewController~iphone.xib */,
				562FE97517540A5C004DC70D /* KMRMHomeViewController~ipad.xib */,
			);
			path = Home;
			sourceTree = "<group>";
		};
		562FE97D17540D72004DC70D /* ArcIssues */ = {
			isa = PBXGroup;
			children = (
				5648D56C1754D88000EE9C0E /* KMRMArcIssuesViewController.h */,
				5648D56D1754D88000EE9C0E /* KMRMArcIssuesViewController.m */,
				5648D56E1754D88000EE9C0E /* KMRMArcIssuesViewController~iphone.xib */,
				5648D5731754D89A00EE9C0E /* KMRMArcIssuesViewController~ipad.xib */,
			);
			path = ArcIssues;
			sourceTree = "<group>";
		};
		562FE97E17540D72004DC70D /* MrcIssues */ = {
			isa = PBXGroup;
			children = (
				562FE97F17540D8A004DC70D /* KMRMMrcIssueViewController.h */,
				562FE98017540D8A004DC70D /* KMRMMrcIssueViewController.m */,
				562FE98117540D8A004DC70D /* KMRMMrcIssueViewController~iphone.xib */,
				562FE98617540DD7004DC70D /* KMRMMrcIssueViewController~ipad.xib */,
			);
			path = MrcIssues;
			sourceTree = "<group>";
		};
		5635974A17588CE00009E155 /* Scripts */ = {
			isa = PBXGroup;
			children = (
				5635974B17588D0F0009E155 /* KMRMArgument_summary.py */,
				56EC3B9B1758A5BC00667F2D /* utils.py */,
			);
			path = Scripts;
			sourceTree = "<group>";
		};
		5642B7261759EBD900BE5731 /* DMLogger */ = {
			isa = PBXGroup;
			children = (
				5642B7281759EBD900BE5731 /* DMLogger */,
			);
			path = DMLogger;
			sourceTree = "<group>";
		};
		5642B7281759EBD900BE5731 /* DMLogger */ = {
			isa = PBXGroup;
			children = (
				5642B7291759EBD900BE5731 /* DMLogger.h */,
				5642B72A1759EBD900BE5731 /* DMLogger.m */,
			);
			path = DMLogger;
			sourceTree = "<group>";
		};
		5648D5611754D80800EE9C0E /* Breakpoints */ = {
			isa = PBXGroup;
			children = (
				5648D5621754D83A00EE9C0E /* KMRMBreakpointsViewController.h */,
				5648D5631754D83A00EE9C0E /* KMRMBreakpointsViewController.m */,
				5648D5691754D84E00EE9C0E /* KMRMBreakpointsViewController~ipad.xib */,
				564FDF401756A89D00B637BC /* KMRMBreakpointsViewController~iphone.xib */,
			);
			path = Breakpoints;
			sourceTree = "<group>";
		};
		5648D5761754D8FF00EE9C0E /* Library */ = {
			isa = PBXGroup;
			children = (
				5611F698178C1AE900A631A4 /* Categories */,
				5648D5CD17553AAD00EE9C0E /* Cells */,
				5648D5771754D90F00EE9C0E /* Controllers */,
				5611F675178C17B700A631A4 /* Interface */,
				5611F69D178C21A400A631A4 /* Service */,
				5611F66F178C176300A631A4 /* Views */,
			);
			path = Library;
			sourceTree = "<group>";
		};
		5648D5771754D90F00EE9C0E /* Controllers */ = {
			isa = PBXGroup;
			children = (
				5648D5E0175543C400EE9C0E /* KMRMBaseViewController.h */,
				5648D5E1175543C400EE9C0E /* KMRMBaseViewController.m */,
				5648D5781754D92B00EE9C0E /* KMRMTableViewController.h */,
				5648D5791754D92B00EE9C0E /* KMRMTableViewController.m */,
			);
			path = Controllers;
			sourceTree = "<group>";
		};
		5648D5CD17553AAD00EE9C0E /* Cells */ = {
			isa = PBXGroup;
			children = (
				5611F693178C1A5100A631A4 /* Base */,
				5611F670178C178B00A631A4 /* Home */,
			);
			path = Cells;
			sourceTree = "<group>";
		};
		5648D5CE17553AC600EE9C0E /* Models */ = {
			isa = PBXGroup;
			children = (
				5648D5D017553B2D00EE9C0E /* KMRMTopic.h */,
				5648D5D117553B2D00EE9C0E /* KMRMTopic.m */,
				5648D5D817553EC500EE9C0E /* KMRMArgument.h */,
				5648D5D917553EC500EE9C0E /* KMRMArgument.m */,
				5648D5DC175542A900EE9C0E /* KMRMDataModel.h */,
				5648D5DD175542A900EE9C0E /* KMRMDataModel.m */,
			);
			path = Models;
			sourceTree = "<group>";
		};
		5648D5D417553C9500EE9C0E /* Data */ = {
			isa = PBXGroup;
			children = (
				5648D5D517553CEA00EE9C0E /* Kimera_Topics.plist */,
			);
			path = Data;
			sourceTree = "<group>";
		};
		5648D5E517554CBC00EE9C0E /* Logging */ = {
			isa = PBXGroup;
			children = (
				5648D5E617554CDB00EE9C0E /* KMRMLoggingViewController.h */,
				5648D5E717554CDB00EE9C0E /* KMRMLoggingViewController.m */,
				5648D5E817554CDB00EE9C0E /* KMRMLoggingViewController~iphone.xib */,
				5648D5ED17554CF500EE9C0E /* KMRMLoggingViewController~ipad.xib */,
			);
			path = Logging;
			sourceTree = "<group>";
		};
		564FDC191756918F00B637BC /* Memes */ = {
			isa = PBXGroup;
			children = (
				564FDC1A1756925B00B637BC /* meme_jackie_chan.jpg */,
			);
			path = Memes;
			sourceTree = "<group>";
		};
		56DE032E1758ADAB00358046 /* LLDB */ = {
			isa = PBXGroup;
			children = (
				56DE032F1758ADCC00358046 /* KMRMLLDBViewController.h */,
				56DE03301758ADCC00358046 /* KMRMLLDBViewController.m */,
				56DE03311758ADCC00358046 /* KMRMLLDBViewController~iphone.xib */,
				56DE03361758ADEF00358046 /* KMRMLLDBViewController~ipad.xib */,
			);
			path = LLDB;
			sourceTree = "<group>";
		};
		56DE03391758FDF300358046 /* Tools */ = {
			isa = PBXGroup;
			children = (
				56DE033A1758FE0900358046 /* KMRMToolsViewController.h */,
				56DE033B1758FE0900358046 /* KMRMToolsViewController.m */,
				56DE033C1758FE0900358046 /* KMRMToolsViewController~iphone.xib */,
				56DE03411758FE1400358046 /* KMRMToolsViewController~ipad.xib */,
			);
			path = Tools;
			sourceTree = "<group>";
		};
		56E355EC17589E500003272A /* lldb_utilities */ = {
			isa = PBXGroup;
			children = (
				56E355ED17589E500003272A /* lldb_utilities.py */,
				56E355EE17589E500003272A /* lldbinit */,
				56E355EF17589E500003272A /* README.md */,
			);
			path = lldb_utilities;
			sourceTree = "<group>";
		};
/* End PBXGroup section */

/* Begin PBXNativeTarget section */
		56162B2C1753F52A00C7705E /* KimeraMobile */ = {
			isa = PBXNativeTarget;
			buildConfigurationList = 56162B5F1753F52B00C7705E /* Build configuration list for PBXNativeTarget "KimeraMobile" */;
			buildPhases = (
				D03AA15E744247199AC3D57A /* Check Pods Manifest.lock */,
				56162B291753F52A00C7705E /* Sources */,
				56162B2A1753F52A00C7705E /* Frameworks */,
				56162B2B1753F52A00C7705E /* Resources */,
				C1B8F4698D884F32B00B00C8 /* Copy Pods Resources */,
			);
			buildRules = (
			);
			dependencies = (
			);
			name = KimeraMobile;
			productName = KimeraMobile;
			productReference = 56162B2D1753F52A00C7705E /* Kimera.app */;
			productType = "com.apple.product-type.application";
		};
		56162B4C1753F52B00C7705E /* KimeraMobileTests */ = {
			isa = PBXNativeTarget;
			buildConfigurationList = 56162B621753F52B00C7705E /* Build configuration list for PBXNativeTarget "KimeraMobileTests" */;
			buildPhases = (
				56162B481753F52B00C7705E /* Sources */,
				56162B491753F52B00C7705E /* Frameworks */,
				56162B4A1753F52B00C7705E /* Resources */,
				56162B4B1753F52B00C7705E /* ShellScript */,
			);
			buildRules = (
			);
			dependencies = (
				56162B531753F52B00C7705E /* PBXTargetDependency */,
			);
			name = KimeraMobileTests;
			productName = KimeraMobileTests;
			productReference = 56162B4D1753F52B00C7705E /* KimeraMobileTests.octest */;
			productType = "com.apple.product-type.bundle";
		};
/* End PBXNativeTarget section */

/* Begin PBXProject section */
		56162B251753F52A00C7705E /* Project object */ = {
			isa = PBXProject;
			attributes = {
				CLASSPREFIX = KMRM;
				LastUpgradeCheck = 0460;
				ORGANIZATIONNAME = "Massimo Oliviero";
			};
			buildConfigurationList = 56162B281753F52A00C7705E /* Build configuration list for PBXProject "KimeraMobile" */;
			compatibilityVersion = "Xcode 3.2";
			developmentRegion = English;
			hasScannedForEncodings = 0;
			knownRegions = (
				en,
				it,
				English,
			);
			mainGroup = 56162B241753F52A00C7705E;
			productRefGroup = 56162B2E1753F52A00C7705E /* Products */;
			projectDirPath = "";
			projectRoot = "";
			targets = (
				56162B2C1753F52A00C7705E /* KimeraMobile */,
				56162B4C1753F52B00C7705E /* KimeraMobileTests */,
			);
		};
/* End PBXProject section */

/* Begin PBXResourcesBuildPhase section */
		56162B2B1753F52A00C7705E /* Resources */ = {
			isa = PBXResourcesBuildPhase;
			buildActionMask = 2147483647;
			files = (
				56162B721753F80900C7705E /* InfoPlist.strings in Resources */,
				56162B771753F84C00C7705E /* Localizable.strings in Resources */,
				56162B8A1753FCD000C7705E /* Default-568h@2x.png in Resources */,
				56162B8B1753FCD000C7705E /* Default.png in Resources */,
				56162B8C1753FCD000C7705E /* Default@2x.png in Resources */,
				562FE97317540A37004DC70D /* KMRMHomeViewController~iphone.xib in Resources */,
				562FE97617540A5D004DC70D /* KMRMHomeViewController~ipad.xib in Resources */,
				562FE98417540D8A004DC70D /* KMRMMrcIssueViewController~iphone.xib in Resources */,
				562FE98717540DD7004DC70D /* KMRMMrcIssueViewController~ipad.xib in Resources */,
				5648D56A1754D84E00EE9C0E /* KMRMBreakpointsViewController~ipad.xib in Resources */,
				5648D5711754D88000EE9C0E /* KMRMArcIssuesViewController~iphone.xib in Resources */,
				5648D5741754D89A00EE9C0E /* KMRMArcIssuesViewController~ipad.xib in Resources */,
				5648D5D617553CEA00EE9C0E /* Kimera_Topics.plist in Resources */,
				5648D5EB17554CDB00EE9C0E /* KMRMLoggingViewController~iphone.xib in Resources */,
				5648D5EE17554CF500EE9C0E /* KMRMLoggingViewController~ipad.xib in Resources */,
				564FDC1B1756925B00B637BC /* meme_jackie_chan.jpg in Resources */,
				564FDF411756A89D00B637BC /* KMRMBreakpointsViewController~iphone.xib in Resources */,
				5635974C17588D0F0009E155 /* KMRMArgument_summary.py in Resources */,
				56E355F017589E500003272A /* lldb_utilities.py in Resources */,
				56E355F117589E500003272A /* lldbinit in Resources */,
				56E355F217589E500003272A /* README.md in Resources */,
				56EC3B9C1758A5BC00667F2D /* utils.py in Resources */,
				56DE03341758ADCC00358046 /* KMRMLLDBViewController~iphone.xib in Resources */,
				56DE03371758ADEF00358046 /* KMRMLLDBViewController~ipad.xib in Resources */,
				56DE033F1758FE0900358046 /* KMRMToolsViewController~iphone.xib in Resources */,
				56DE03421758FE1400358046 /* KMRMToolsViewController~ipad.xib in Resources */,
				5611F68E178C18A300A631A4 /* KMRMHomeCell~ipad.xib in Resources */,
				5611F691178C18B200A631A4 /* KMRMHomeCell~iphone.xib in Resources */,
			);
			runOnlyForDeploymentPostprocessing = 0;
		};
		56162B4A1753F52B00C7705E /* Resources */ = {
			isa = PBXResourcesBuildPhase;
			buildActionMask = 2147483647;
			files = (
				56162B591753F52B00C7705E /* InfoPlist.strings in Resources */,
				562FE97417540A37004DC70D /* KMRMHomeViewController~iphone.xib in Resources */,
				562FE97717540A5D004DC70D /* KMRMHomeViewController~ipad.xib in Resources */,
				562FE98517540D8A004DC70D /* KMRMMrcIssueViewController~iphone.xib in Resources */,
				562FE98817540DD7004DC70D /* KMRMMrcIssueViewController~ipad.xib in Resources */,
				5648D56B1754D84E00EE9C0E /* KMRMBreakpointsViewController~ipad.xib in Resources */,
				5648D5721754D88000EE9C0E /* KMRMArcIssuesViewController~iphone.xib in Resources */,
				5648D5751754D89A00EE9C0E /* KMRMArcIssuesViewController~ipad.xib in Resources */,
				5648D5D717553CEA00EE9C0E /* Kimera_Topics.plist in Resources */,
				5648D5EC17554CDB00EE9C0E /* KMRMLoggingViewController~iphone.xib in Resources */,
				5648D5EF17554CF500EE9C0E /* KMRMLoggingViewController~ipad.xib in Resources */,
				56DE03351758ADCC00358046 /* KMRMLLDBViewController~iphone.xib in Resources */,
				56DE03381758ADEF00358046 /* KMRMLLDBViewController~ipad.xib in Resources */,
				56DE03401758FE0900358046 /* KMRMToolsViewController~iphone.xib in Resources */,
				56DE03431758FE1400358046 /* KMRMToolsViewController~ipad.xib in Resources */,
				5611F68F178C18A300A631A4 /* KMRMHomeCell~ipad.xib in Resources */,
				5611F692178C18B200A631A4 /* KMRMHomeCell~iphone.xib in Resources */,
			);
			runOnlyForDeploymentPostprocessing = 0;
		};
/* End PBXResourcesBuildPhase section */

/* Begin PBXShellScriptBuildPhase section */
		56162B4B1753F52B00C7705E /* ShellScript */ = {
			isa = PBXShellScriptBuildPhase;
			buildActionMask = 2147483647;
			files = (
			);
			inputPaths = (
			);
			outputPaths = (
			);
			runOnlyForDeploymentPostprocessing = 0;
			shellPath = /bin/sh;
			shellScript = "# Run the unit tests in this test bundle.\n\"${SYSTEM_DEVELOPER_DIR}/Tools/RunUnitTests\"\n";
		};
		C1B8F4698D884F32B00B00C8 /* Copy Pods Resources */ = {
			isa = PBXShellScriptBuildPhase;
			buildActionMask = 2147483647;
			files = (
			);
			inputPaths = (
			);
			name = "Copy Pods Resources";
			outputPaths = (
			);
			runOnlyForDeploymentPostprocessing = 0;
			shellPath = /bin/sh;
			shellScript = "\"${SRCROOT}/../Pods/Pods-resources.sh\"\n";
			showEnvVarsInLog = 0;
		};
		D03AA15E744247199AC3D57A /* Check Pods Manifest.lock */ = {
			isa = PBXShellScriptBuildPhase;
			buildActionMask = 2147483647;
			files = (
			);
			inputPaths = (
			);
			name = "Check Pods Manifest.lock";
			outputPaths = (
			);
			runOnlyForDeploymentPostprocessing = 0;
			shellPath = /bin/sh;
			shellScript = "diff \"${PODS_ROOT}/../Podfile.lock\" \"${PODS_ROOT}/Manifest.lock\" > /dev/null\nif [[ $? != 0 ]] ; then\n    cat << EOM\nerror: The sandbox is not in sync with the Podfile.lock. Run 'pod install' or update your CocoaPods installation.\nEOM\n    exit 1\nfi\n";
			showEnvVarsInLog = 0;
		};
/* End PBXShellScriptBuildPhase section */

/* Begin PBXSourcesBuildPhase section */
		56162B291753F52A00C7705E /* Sources */ = {
			isa = PBXSourcesBuildPhase;
			buildActionMask = 2147483647;
			files = (
				56162B6C1753F62200C7705E /* KMRMAppDelegate.m in Sources */,
				56162B6D1753F62200C7705E /* main.m in Sources */,
				562FE97117540A37004DC70D /* KMRMHomeViewController.m in Sources */,
				562FE98217540D8A004DC70D /* KMRMMrcIssueViewController.m in Sources */,
				5648D5651754D83A00EE9C0E /* KMRMBreakpointsViewController.m in Sources */,
				5648D56F1754D88000EE9C0E /* KMRMArcIssuesViewController.m in Sources */,
				5648D57A1754D92B00EE9C0E /* KMRMTableViewController.m in Sources */,
				5648D5D217553B2D00EE9C0E /* KMRMTopic.m in Sources */,
				5648D5DA17553EC500EE9C0E /* KMRMArgument.m in Sources */,
				5648D5DE175542A900EE9C0E /* KMRMDataModel.m in Sources */,
				5648D5E2175543C400EE9C0E /* KMRMBaseViewController.m in Sources */,
				5648D5E917554CDB00EE9C0E /* KMRMLoggingViewController.m in Sources */,
				56DE03321758ADCC00358046 /* KMRMLLDBViewController.m in Sources */,
				56DE033D1758FE0900358046 /* KMRMToolsViewController.m in Sources */,
				5642B72D1759EBD900BE5731 /* DMLogger.m in Sources */,
				5611F673178C17AF00A631A4 /* KMRMHomeCell.m in Sources */,
				5611F679178C17F300A631A4 /* KMRMInterface.m in Sources */,
				5611F687178C187200A631A4 /* KMRMDefaultTheme.m in Sources */,
				5611F68B178C188000A631A4 /* KMRMGreenTheme.m in Sources */,
				5611F696178C1A6B00A631A4 /* KMRMBaseCell.m in Sources */,
				5611F69B178C1B0100A631A4 /* UIResponder+Kimera.m in Sources */,
				5611F6A0178C224F00A631A4 /* KMRMService.m in Sources */,
			);
			runOnlyForDeploymentPostprocessing = 0;
		};
		56162B481753F52B00C7705E /* Sources */ = {
			isa = PBXSourcesBuildPhase;
			buildActionMask = 2147483647;
			files = (
				56162B5C1753F52B00C7705E /* KimeraMobileTests.m in Sources */,
				562FE97217540A37004DC70D /* KMRMHomeViewController.m in Sources */,
				562FE98317540D8A004DC70D /* KMRMMrcIssueViewController.m in Sources */,
				5648D5661754D83A00EE9C0E /* KMRMBreakpointsViewController.m in Sources */,
				5648D5701754D88000EE9C0E /* KMRMArcIssuesViewController.m in Sources */,
				5648D57B1754D92B00EE9C0E /* KMRMTableViewController.m in Sources */,
				5648D5D317553B2D00EE9C0E /* KMRMTopic.m in Sources */,
				5648D5DB17553EC500EE9C0E /* KMRMArgument.m in Sources */,
				5648D5DF175542A900EE9C0E /* KMRMDataModel.m in Sources */,
				5648D5E3175543C400EE9C0E /* KMRMBaseViewController.m in Sources */,
				5648D5EA17554CDB00EE9C0E /* KMRMLoggingViewController.m in Sources */,
				56DE03331758ADCC00358046 /* KMRMLLDBViewController.m in Sources */,
				56DE033E1758FE0900358046 /* KMRMToolsViewController.m in Sources */,
				5611F674178C17AF00A631A4 /* KMRMHomeCell.m in Sources */,
				5611F67A178C17F300A631A4 /* KMRMInterface.m in Sources */,
				5611F688178C187200A631A4 /* KMRMDefaultTheme.m in Sources */,
				5611F68C178C188000A631A4 /* KMRMGreenTheme.m in Sources */,
				5611F697178C1A6B00A631A4 /* KMRMBaseCell.m in Sources */,
				5611F69C178C1B0100A631A4 /* UIResponder+Kimera.m in Sources */,
				5611F6A1178C224F00A631A4 /* KMRMService.m in Sources */,
			);
			runOnlyForDeploymentPostprocessing = 0;
		};
/* End PBXSourcesBuildPhase section */

/* Begin PBXTargetDependency section */
		56162B531753F52B00C7705E /* PBXTargetDependency */ = {
			isa = PBXTargetDependency;
			target = 56162B2C1753F52A00C7705E /* KimeraMobile */;
			targetProxy = 56162B521753F52B00C7705E /* PBXContainerItemProxy */;
		};
/* End PBXTargetDependency section */

/* Begin PBXVariantGroup section */
		56162B571753F52B00C7705E /* InfoPlist.strings */ = {
			isa = PBXVariantGroup;
			children = (
				56162B581753F52B00C7705E /* en */,
				56162B741753F81800C7705E /* it */,
			);
			name = InfoPlist.strings;
			sourceTree = "<group>";
		};
		56162B701753F80900C7705E /* InfoPlist.strings */ = {
			isa = PBXVariantGroup;
			children = (
				56162B711753F80900C7705E /* en */,
				56162B731753F81800C7705E /* it */,
			);
			name = InfoPlist.strings;
			sourceTree = "<group>";
		};
		56162B751753F84C00C7705E /* Localizable.strings */ = {
			isa = PBXVariantGroup;
			children = (
				56162B761753F84C00C7705E /* en */,
				56162B781753F85700C7705E /* it */,
			);
			name = Localizable.strings;
			sourceTree = "<group>";
		};
/* End PBXVariantGroup section */

/* Begin XCBuildConfiguration section */
		56162B5D1753F52B00C7705E /* Debug */ = {
			isa = XCBuildConfiguration;
			buildSettings = {
				ALWAYS_SEARCH_USER_PATHS = NO;
				CLANG_CXX_LANGUAGE_STANDARD = "gnu++0x";
				CLANG_CXX_LIBRARY = "libc++";
				CLANG_ENABLE_OBJC_ARC = YES;
				CLANG_WARN_CONSTANT_CONVERSION = YES;
				CLANG_WARN_EMPTY_BODY = YES;
				CLANG_WARN_ENUM_CONVERSION = YES;
				CLANG_WARN_INT_CONVERSION = YES;
				CLANG_WARN__DUPLICATE_METHOD_MATCH = YES;
				"CODE_SIGN_IDENTITY[sdk=iphoneos*]" = "iPhone Developer";
				COPY_PHASE_STRIP = NO;
				GCC_C_LANGUAGE_STANDARD = gnu99;
				GCC_DYNAMIC_NO_PIC = NO;
				GCC_OPTIMIZATION_LEVEL = 0;
				GCC_PREPROCESSOR_DEFINITIONS = (
					"DEBUG=1",
					"$(inherited)",
				);
				GCC_SYMBOLS_PRIVATE_EXTERN = NO;
				GCC_WARN_ABOUT_RETURN_TYPE = YES;
				GCC_WARN_UNINITIALIZED_AUTOS = YES;
				GCC_WARN_UNUSED_VARIABLE = YES;
				IPHONEOS_DEPLOYMENT_TARGET = 6.1;
				SDKROOT = iphoneos;
				TARGETED_DEVICE_FAMILY = "1,2";
			};
			name = Debug;
		};
		56162B5E1753F52B00C7705E /* Release */ = {
			isa = XCBuildConfiguration;
			buildSettings = {
				ALWAYS_SEARCH_USER_PATHS = NO;
				CLANG_CXX_LANGUAGE_STANDARD = "gnu++0x";
				CLANG_CXX_LIBRARY = "libc++";
				CLANG_ENABLE_OBJC_ARC = YES;
				CLANG_WARN_CONSTANT_CONVERSION = YES;
				CLANG_WARN_EMPTY_BODY = YES;
				CLANG_WARN_ENUM_CONVERSION = YES;
				CLANG_WARN_INT_CONVERSION = YES;
				CLANG_WARN__DUPLICATE_METHOD_MATCH = YES;
				"CODE_SIGN_IDENTITY[sdk=iphoneos*]" = "iPhone Developer";
				COPY_PHASE_STRIP = YES;
				GCC_C_LANGUAGE_STANDARD = gnu99;
				GCC_WARN_ABOUT_RETURN_TYPE = YES;
				GCC_WARN_UNINITIALIZED_AUTOS = YES;
				GCC_WARN_UNUSED_VARIABLE = YES;
				IPHONEOS_DEPLOYMENT_TARGET = 6.1;
				OTHER_CFLAGS = "-DNS_BLOCK_ASSERTIONS=1";
				SDKROOT = iphoneos;
				TARGETED_DEVICE_FAMILY = "1,2";
				VALIDATE_PRODUCT = YES;
			};
			name = Release;
		};
		56162B601753F52B00C7705E /* Debug */ = {
			isa = XCBuildConfiguration;
			baseConfigurationReference = 2F1C6C6EE79B43119ED339AC /* ../Pods/Pods.xcconfig */;
			buildSettings = {
				FRAMEWORK_SEARCH_PATHS = "\"$(SRCROOT)/KimeraMobile/Vendors\"";
				GCC_PRECOMPILE_PREFIX_HEADER = YES;
				GCC_PREFIX_HEADER = "KimeraMobile/Application/KimeraMobile-Prefix.pch";
				INFOPLIST_FILE = "KimeraMobile/Application/KimeraMobile-Info.plist";
				IPHONEOS_DEPLOYMENT_TARGET = 5.0;
				LIBRARY_SEARCH_PATHS = (
					"$(inherited)",
					"\"$(SRCROOT)/KimeraMobile/Vendors/TestFlightSDK1.2.5\"",
				);
				PRODUCT_NAME = Kimera;
				WRAPPER_EXTENSION = app;
			};
			name = Debug;
		};
		56162B611753F52B00C7705E /* Release */ = {
			isa = XCBuildConfiguration;
			baseConfigurationReference = 2F1C6C6EE79B43119ED339AC /* ../Pods/Pods.xcconfig */;
			buildSettings = {
				FRAMEWORK_SEARCH_PATHS = "\"$(SRCROOT)/KimeraMobile/Vendors\"";
				GCC_PRECOMPILE_PREFIX_HEADER = YES;
				GCC_PREFIX_HEADER = "KimeraMobile/Application/KimeraMobile-Prefix.pch";
				INFOPLIST_FILE = "KimeraMobile/Application/KimeraMobile-Info.plist";
				IPHONEOS_DEPLOYMENT_TARGET = 5.0;
				LIBRARY_SEARCH_PATHS = (
					"$(inherited)",
					"\"$(SRCROOT)/KimeraMobile/Vendors/TestFlightSDK1.2.5\"",
				);
				PRODUCT_NAME = Kimera;
				WRAPPER_EXTENSION = app;
			};
			name = Release;
		};
		56162B631753F52B00C7705E /* Debug */ = {
			isa = XCBuildConfiguration;
			buildSettings = {
				BUNDLE_LOADER = "$(BUILT_PRODUCTS_DIR)/KimeraMobile.app/KimeraMobile";
				FRAMEWORK_SEARCH_PATHS = (
					"\"$(SDKROOT)/Developer/Library/Frameworks\"",
					"\"$(DEVELOPER_LIBRARY_DIR)/Frameworks\"",
				);
				GCC_PRECOMPILE_PREFIX_HEADER = YES;
				GCC_PREFIX_HEADER = "KimeraMobile/KimeraMobile-Prefix.pch";
				INFOPLIST_FILE = "KimeraMobileTests/KimeraMobileTests-Info.plist";
				PRODUCT_NAME = "$(TARGET_NAME)";
				TEST_HOST = "$(BUNDLE_LOADER)";
				WRAPPER_EXTENSION = octest;
			};
			name = Debug;
		};
		56162B641753F52B00C7705E /* Release */ = {
			isa = XCBuildConfiguration;
			buildSettings = {
				BUNDLE_LOADER = "$(BUILT_PRODUCTS_DIR)/KimeraMobile.app/KimeraMobile";
				FRAMEWORK_SEARCH_PATHS = (
					"\"$(SDKROOT)/Developer/Library/Frameworks\"",
					"\"$(DEVELOPER_LIBRARY_DIR)/Frameworks\"",
				);
				GCC_PRECOMPILE_PREFIX_HEADER = YES;
				GCC_PREFIX_HEADER = "KimeraMobile/KimeraMobile-Prefix.pch";
				INFOPLIST_FILE = "KimeraMobileTests/KimeraMobileTests-Info.plist";
				PRODUCT_NAME = "$(TARGET_NAME)";
				TEST_HOST = "$(BUNDLE_LOADER)";
				WRAPPER_EXTENSION = octest;
			};
			name = Release;
		};
		56162B921753FDC300C7705E /* AdHoc */ = {
			isa = XCBuildConfiguration;
			buildSettings = {
				ALWAYS_SEARCH_USER_PATHS = NO;
				CLANG_CXX_LANGUAGE_STANDARD = "gnu++0x";
				CLANG_CXX_LIBRARY = "libc++";
				CLANG_ENABLE_OBJC_ARC = YES;
				CLANG_WARN_CONSTANT_CONVERSION = YES;
				CLANG_WARN_EMPTY_BODY = YES;
				CLANG_WARN_ENUM_CONVERSION = YES;
				CLANG_WARN_INT_CONVERSION = YES;
				CLANG_WARN__DUPLICATE_METHOD_MATCH = YES;
				"CODE_SIGN_IDENTITY[sdk=iphoneos*]" = "iPhone Distribution";
				COPY_PHASE_STRIP = YES;
				GCC_C_LANGUAGE_STANDARD = gnu99;
				GCC_WARN_ABOUT_RETURN_TYPE = YES;
				GCC_WARN_UNINITIALIZED_AUTOS = YES;
				GCC_WARN_UNUSED_VARIABLE = YES;
				IPHONEOS_DEPLOYMENT_TARGET = 6.1;
				OTHER_CFLAGS = "-DNS_BLOCK_ASSERTIONS=1";
				"PROVISIONING_PROFILE[sdk=iphoneos*]" = "";
				SDKROOT = iphoneos;
				TARGETED_DEVICE_FAMILY = "1,2";
				VALIDATE_PRODUCT = YES;
			};
			name = AdHoc;
		};
		56162B931753FDC300C7705E /* AdHoc */ = {
			isa = XCBuildConfiguration;
			baseConfigurationReference = 2F1C6C6EE79B43119ED339AC /* ../Pods/Pods.xcconfig */;
			buildSettings = {
				FRAMEWORK_SEARCH_PATHS = "\"$(SRCROOT)/KimeraMobile/Vendors\"";
				GCC_PRECOMPILE_PREFIX_HEADER = YES;
				GCC_PREFIX_HEADER = "KimeraMobile/Application/KimeraMobile-Prefix.pch";
				GCC_PREPROCESSOR_DEFINITIONS = (
					"$(inherited)",
					"COCOAPODS=1",
					"TESTFLIGHT=1",
				);
				INFOPLIST_FILE = "KimeraMobile/Application/KimeraMobile-Info.plist";
				IPHONEOS_DEPLOYMENT_TARGET = 5.0;
				LIBRARY_SEARCH_PATHS = (
					"$(inherited)",
					"\"$(SRCROOT)/KimeraMobile/Vendors/TestFlightSDK1.2.5\"",
				);
				PRODUCT_NAME = Kimera;
				WRAPPER_EXTENSION = app;
			};
			name = AdHoc;
		};
		56162B941753FDC300C7705E /* AdHoc */ = {
			isa = XCBuildConfiguration;
			buildSettings = {
				BUNDLE_LOADER = "$(BUILT_PRODUCTS_DIR)/KimeraMobile.app/KimeraMobile";
				FRAMEWORK_SEARCH_PATHS = (
					"\"$(SDKROOT)/Developer/Library/Frameworks\"",
					"\"$(DEVELOPER_LIBRARY_DIR)/Frameworks\"",
				);
				GCC_PRECOMPILE_PREFIX_HEADER = YES;
				GCC_PREFIX_HEADER = "KimeraMobile/KimeraMobile-Prefix.pch";
				INFOPLIST_FILE = "KimeraMobileTests/KimeraMobileTests-Info.plist";
				PRODUCT_NAME = "$(TARGET_NAME)";
				TEST_HOST = "$(BUNDLE_LOADER)";
				WRAPPER_EXTENSION = octest;
			};
			name = AdHoc;
		};
		56162B951753FDCA00C7705E /* AppStore */ = {
			isa = XCBuildConfiguration;
			buildSettings = {
				ALWAYS_SEARCH_USER_PATHS = NO;
				CLANG_CXX_LANGUAGE_STANDARD = "gnu++0x";
				CLANG_CXX_LIBRARY = "libc++";
				CLANG_ENABLE_OBJC_ARC = YES;
				CLANG_WARN_CONSTANT_CONVERSION = YES;
				CLANG_WARN_EMPTY_BODY = YES;
				CLANG_WARN_ENUM_CONVERSION = YES;
				CLANG_WARN_INT_CONVERSION = YES;
				CLANG_WARN__DUPLICATE_METHOD_MATCH = YES;
				"CODE_SIGN_IDENTITY[sdk=iphoneos*]" = "iPhone Developer";
				COPY_PHASE_STRIP = YES;
				GCC_C_LANGUAGE_STANDARD = gnu99;
				GCC_WARN_ABOUT_RETURN_TYPE = YES;
				GCC_WARN_UNINITIALIZED_AUTOS = YES;
				GCC_WARN_UNUSED_VARIABLE = YES;
				IPHONEOS_DEPLOYMENT_TARGET = 6.1;
				OTHER_CFLAGS = "-DNS_BLOCK_ASSERTIONS=1";
				SDKROOT = iphoneos;
				TARGETED_DEVICE_FAMILY = "1,2";
				VALIDATE_PRODUCT = YES;
			};
			name = AppStore;
		};
		56162B961753FDCA00C7705E /* AppStore */ = {
			isa = XCBuildConfiguration;
			baseConfigurationReference = 2F1C6C6EE79B43119ED339AC /* ../Pods/Pods.xcconfig */;
			buildSettings = {
				FRAMEWORK_SEARCH_PATHS = "\"$(SRCROOT)/KimeraMobile/Vendors\"";
				GCC_PRECOMPILE_PREFIX_HEADER = YES;
				GCC_PREFIX_HEADER = "KimeraMobile/Application/KimeraMobile-Prefix.pch";
				INFOPLIST_FILE = "KimeraMobile/Application/KimeraMobile-Info.plist";
				IPHONEOS_DEPLOYMENT_TARGET = 5.0;
				LIBRARY_SEARCH_PATHS = (
					"$(inherited)",
					"\"$(SRCROOT)/KimeraMobile/Vendors/TestFlightSDK1.2.5\"",
				);
				PRODUCT_NAME = Kimera;
				WRAPPER_EXTENSION = app;
			};
			name = AppStore;
		};
		56162B971753FDCA00C7705E /* AppStore */ = {
			isa = XCBuildConfiguration;
			buildSettings = {
				BUNDLE_LOADER = "$(BUILT_PRODUCTS_DIR)/KimeraMobile.app/KimeraMobile";
				FRAMEWORK_SEARCH_PATHS = (
					"\"$(SDKROOT)/Developer/Library/Frameworks\"",
					"\"$(DEVELOPER_LIBRARY_DIR)/Frameworks\"",
				);
				GCC_PRECOMPILE_PREFIX_HEADER = YES;
				GCC_PREFIX_HEADER = "KimeraMobile/KimeraMobile-Prefix.pch";
				INFOPLIST_FILE = "KimeraMobileTests/KimeraMobileTests-Info.plist";
				PRODUCT_NAME = "$(TARGET_NAME)";
				TEST_HOST = "$(BUNDLE_LOADER)";
				WRAPPER_EXTENSION = octest;
			};
			name = AppStore;
		};
/* End XCBuildConfiguration section */

/* Begin XCConfigurationList section */
		56162B281753F52A00C7705E /* Build configuration list for PBXProject "KimeraMobile" */ = {
			isa = XCConfigurationList;
			buildConfigurations = (
				56162B5D1753F52B00C7705E /* Debug */,
				56162B5E1753F52B00C7705E /* Release */,
				56162B951753FDCA00C7705E /* AppStore */,
				56162B921753FDC300C7705E /* AdHoc */,
			);
			defaultConfigurationIsVisible = 0;
			defaultConfigurationName = Release;
		};
		56162B5F1753F52B00C7705E /* Build configuration list for PBXNativeTarget "KimeraMobile" */ = {
			isa = XCConfigurationList;
			buildConfigurations = (
				56162B601753F52B00C7705E /* Debug */,
				56162B611753F52B00C7705E /* Release */,
				56162B961753FDCA00C7705E /* AppStore */,
				56162B931753FDC300C7705E /* AdHoc */,
			);
			defaultConfigurationIsVisible = 0;
			defaultConfigurationName = Release;
		};
		56162B621753F52B00C7705E /* Build configuration list for PBXNativeTarget "KimeraMobileTests" */ = {
			isa = XCConfigurationList;
			buildConfigurations = (
				56162B631753F52B00C7705E /* Debug */,
				56162B641753F52B00C7705E /* Release */,
				56162B971753FDCA00C7705E /* AppStore */,
				56162B941753FDC300C7705E /* AdHoc */,
			);
			defaultConfigurationIsVisible = 0;
			defaultConfigurationName = Release;
		};
/* End XCConfigurationList section */
	};
	rootObject = 56162B251753F52A00C7705E /* Project object */;
}
